// !$*UTF8*$!
{
	archiveVersion = 1;
	classes = {
	};
	objectVersion = 50;
	objects = {

/* Begin PBXBuildFile section */
		49A933BF232B2CBC00DE46A4 /* GT-Walsheim-Medium-Oblique.otf in Resources */ = {isa = PBXBuildFile; fileRef = A713D03E232ABA4D000382AD /* GT-Walsheim-Medium-Oblique.otf */; };
		49A933C0232B2CC100DE46A4 /* GT-Walsheim-Medium.otf in Resources */ = {isa = PBXBuildFile; fileRef = A713D03F232ABA4D000382AD /* GT-Walsheim-Medium.otf */; };
		49A933C1232B2CC400DE46A4 /* GT-Walsheim-Regular.otf in Resources */ = {isa = PBXBuildFile; fileRef = A713D041232ABA4E000382AD /* GT-Walsheim-Regular.otf */; };
		49A933C2232B2CC700DE46A4 /* GT-Walsheim-Bold.otf in Resources */ = {isa = PBXBuildFile; fileRef = A713D040232ABA4D000382AD /* GT-Walsheim-Bold.otf */; };
		49A933C3232C038000DE46A4 /* FloorMaps.storyboard in Resources */ = {isa = PBXBuildFile; fileRef = 49A933C5232C038000DE46A4 /* FloorMaps.storyboard */; };
		A713D009232A9BFA000382AD /* AppDelegate.swift in Sources */ = {isa = PBXBuildFile; fileRef = A713D008232A9BFA000382AD /* AppDelegate.swift */; };
		A713D00B232A9BFA000382AD /* FloorMapsViewController.swift in Sources */ = {isa = PBXBuildFile; fileRef = A713D00A232A9BFA000382AD /* FloorMapsViewController.swift */; };
		A713D010232A9BFB000382AD /* Assets.xcassets in Resources */ = {isa = PBXBuildFile; fileRef = A713D00F232A9BFB000382AD /* Assets.xcassets */; };
		A713D013232A9BFB000382AD /* LaunchScreen.storyboard in Resources */ = {isa = PBXBuildFile; fileRef = A713D011232A9BFB000382AD /* LaunchScreen.storyboard */; };
		A713D01E232A9BFB000382AD /* _800Contacts_MapTests.swift in Sources */ = {isa = PBXBuildFile; fileRef = A713D01D232A9BFB000382AD /* _800Contacts_MapTests.swift */; };
		A713D029232A9BFB000382AD /* _800Contacts_MapUITests.swift in Sources */ = {isa = PBXBuildFile; fileRef = A713D028232A9BFB000382AD /* _800Contacts_MapUITests.swift */; };
		A713D039232AA751000382AD /* FloorMaps.swift in Sources */ = {isa = PBXBuildFile; fileRef = A713D038232AA751000382AD /* FloorMaps.swift */; };
		A713D03B232AAE26000382AD /* FloorMapsCell.swift in Sources */ = {isa = PBXBuildFile; fileRef = A713D03A232AAE26000382AD /* FloorMapsCell.swift */; };
		A713D03D232AAF9B000382AD /* SideBarViewController.swift in Sources */ = {isa = PBXBuildFile; fileRef = A713D03C232AAF9B000382AD /* SideBarViewController.swift */; };
		A713D044232ABCE2000382AD /* ContainerViewController.swift in Sources */ = {isa = PBXBuildFile; fileRef = A713D043232ABCE2000382AD /* ContainerViewController.swift */; };
/* End PBXBuildFile section */

/* Begin PBXContainerItemProxy section */
		A713D01A232A9BFB000382AD /* PBXContainerItemProxy */ = {
			isa = PBXContainerItemProxy;
			containerPortal = A713CFFD232A9BFA000382AD /* Project object */;
			proxyType = 1;
			remoteGlobalIDString = A713D004232A9BFA000382AD;
			remoteInfo = "1800Contacts Map";
		};
		A713D025232A9BFB000382AD /* PBXContainerItemProxy */ = {
			isa = PBXContainerItemProxy;
			containerPortal = A713CFFD232A9BFA000382AD /* Project object */;
			proxyType = 1;
			remoteGlobalIDString = A713D004232A9BFA000382AD;
			remoteInfo = "1800Contacts Map";
		};
/* End PBXContainerItemProxy section */

/* Begin PBXFileReference section */
		49A933C4232C038000DE46A4 /* Base */ = {isa = PBXFileReference; lastKnownFileType = file.storyboard; name = Base; path = Base.lproj/FloorMaps.storyboard; sourceTree = "<group>"; };
		A713D005232A9BFA000382AD /* 1800Contacts Map.app */ = {isa = PBXFileReference; explicitFileType = wrapper.application; includeInIndex = 0; path = "1800Contacts Map.app"; sourceTree = BUILT_PRODUCTS_DIR; };
		A713D008232A9BFA000382AD /* AppDelegate.swift */ = {isa = PBXFileReference; lastKnownFileType = sourcecode.swift; path = AppDelegate.swift; sourceTree = "<group>"; };
		A713D00A232A9BFA000382AD /* FloorMapsViewController.swift */ = {isa = PBXFileReference; lastKnownFileType = sourcecode.swift; path = FloorMapsViewController.swift; sourceTree = "<group>"; };
		A713D00F232A9BFB000382AD /* Assets.xcassets */ = {isa = PBXFileReference; lastKnownFileType = folder.assetcatalog; path = Assets.xcassets; sourceTree = "<group>"; };
		A713D012232A9BFB000382AD /* Base */ = {isa = PBXFileReference; lastKnownFileType = file.storyboard; name = Base; path = Base.lproj/LaunchScreen.storyboard; sourceTree = "<group>"; };
		A713D014232A9BFB000382AD /* Info.plist */ = {isa = PBXFileReference; lastKnownFileType = text.plist.xml; path = Info.plist; sourceTree = "<group>"; };
		A713D019232A9BFB000382AD /* 1800Contacts MapTests.xctest */ = {isa = PBXFileReference; explicitFileType = wrapper.cfbundle; includeInIndex = 0; path = "1800Contacts MapTests.xctest"; sourceTree = BUILT_PRODUCTS_DIR; };
		A713D01D232A9BFB000382AD /* _800Contacts_MapTests.swift */ = {isa = PBXFileReference; lastKnownFileType = sourcecode.swift; path = _800Contacts_MapTests.swift; sourceTree = "<group>"; };
		A713D01F232A9BFB000382AD /* Info.plist */ = {isa = PBXFileReference; lastKnownFileType = text.plist.xml; path = Info.plist; sourceTree = "<group>"; };
		A713D024232A9BFB000382AD /* 1800Contacts MapUITests.xctest */ = {isa = PBXFileReference; explicitFileType = wrapper.cfbundle; includeInIndex = 0; path = "1800Contacts MapUITests.xctest"; sourceTree = BUILT_PRODUCTS_DIR; };
		A713D028232A9BFB000382AD /* _800Contacts_MapUITests.swift */ = {isa = PBXFileReference; lastKnownFileType = sourcecode.swift; path = _800Contacts_MapUITests.swift; sourceTree = "<group>"; };
		A713D02A232A9BFB000382AD /* Info.plist */ = {isa = PBXFileReference; lastKnownFileType = text.plist.xml; path = Info.plist; sourceTree = "<group>"; };
		A713D038232AA751000382AD /* FloorMaps.swift */ = {isa = PBXFileReference; lastKnownFileType = sourcecode.swift; path = FloorMaps.swift; sourceTree = "<group>"; };
		A713D03A232AAE26000382AD /* FloorMapsCell.swift */ = {isa = PBXFileReference; lastKnownFileType = sourcecode.swift; path = FloorMapsCell.swift; sourceTree = "<group>"; };
		A713D03C232AAF9B000382AD /* SideBarViewController.swift */ = {isa = PBXFileReference; lastKnownFileType = sourcecode.swift; path = SideBarViewController.swift; sourceTree = "<group>"; };
		A713D03E232ABA4D000382AD /* GT-Walsheim-Medium-Oblique.otf */ = {isa = PBXFileReference; lastKnownFileType = file; path = "GT-Walsheim-Medium-Oblique.otf"; sourceTree = "<group>"; };
		A713D03F232ABA4D000382AD /* GT-Walsheim-Medium.otf */ = {isa = PBXFileReference; lastKnownFileType = file; path = "GT-Walsheim-Medium.otf"; sourceTree = "<group>"; };
		A713D040232ABA4D000382AD /* GT-Walsheim-Bold.otf */ = {isa = PBXFileReference; lastKnownFileType = file; path = "GT-Walsheim-Bold.otf"; sourceTree = "<group>"; };
		A713D041232ABA4E000382AD /* GT-Walsheim-Regular.otf */ = {isa = PBXFileReference; lastKnownFileType = file; path = "GT-Walsheim-Regular.otf"; sourceTree = "<group>"; };
		A713D043232ABCE2000382AD /* ContainerViewController.swift */ = {isa = PBXFileReference; lastKnownFileType = sourcecode.swift; path = ContainerViewController.swift; sourceTree = "<group>"; };
/* End PBXFileReference section */

/* Begin PBXFrameworksBuildPhase section */
		A713D002232A9BFA000382AD /* Frameworks */ = {
			isa = PBXFrameworksBuildPhase;
			buildActionMask = 2147483647;
			files = (
			);
			runOnlyForDeploymentPostprocessing = 0;
		};
		A713D016232A9BFB000382AD /* Frameworks */ = {
			isa = PBXFrameworksBuildPhase;
			buildActionMask = 2147483647;
			files = (
			);
			runOnlyForDeploymentPostprocessing = 0;
		};
		A713D021232A9BFB000382AD /* Frameworks */ = {
			isa = PBXFrameworksBuildPhase;
			buildActionMask = 2147483647;
			files = (
			);
			runOnlyForDeploymentPostprocessing = 0;
		};
/* End PBXFrameworksBuildPhase section */

/* Begin PBXGroup section */
		A713CFFC232A9BFA000382AD = {
			isa = PBXGroup;
			children = (
				A713D007232A9BFA000382AD /* 1800Contacts Map */,
				A713D01C232A9BFB000382AD /* 1800Contacts MapTests */,
				A713D027232A9BFB000382AD /* 1800Contacts MapUITests */,
				A713D006232A9BFA000382AD /* Products */,
				A713D042232ABA59000382AD /* Fonts */,
			);
			sourceTree = "<group>";
		};
		A713D006232A9BFA000382AD /* Products */ = {
			isa = PBXGroup;
			children = (
				A713D005232A9BFA000382AD /* 1800Contacts Map.app */,
				A713D019232A9BFB000382AD /* 1800Contacts MapTests.xctest */,
				A713D024232A9BFB000382AD /* 1800Contacts MapUITests.xctest */,
			);
			name = Products;
			sourceTree = "<group>";
		};
		A713D007232A9BFA000382AD /* 1800Contacts Map */ = {
			isa = PBXGroup;
			children = (
				A713D008232A9BFA000382AD /* AppDelegate.swift */,
				A713D03C232AAF9B000382AD /* SideBarViewController.swift */,
				A713D038232AA751000382AD /* FloorMaps.swift */,
				A713D03A232AAE26000382AD /* FloorMapsCell.swift */,
				A713D00A232A9BFA000382AD /* FloorMapsViewController.swift */,
				A713D043232ABCE2000382AD /* ContainerViewController.swift */,
				49A933C5232C038000DE46A4 /* FloorMaps.storyboard */,
				A713D00F232A9BFB000382AD /* Assets.xcassets */,
				A713D011232A9BFB000382AD /* LaunchScreen.storyboard */,
				A713D014232A9BFB000382AD /* Info.plist */,
			);
			path = "1800Contacts Map";
			sourceTree = "<group>";
		};
		A713D01C232A9BFB000382AD /* 1800Contacts MapTests */ = {
			isa = PBXGroup;
			children = (
				A713D01D232A9BFB000382AD /* _800Contacts_MapTests.swift */,
				A713D01F232A9BFB000382AD /* Info.plist */,
			);
			path = "1800Contacts MapTests";
			sourceTree = "<group>";
		};
		A713D027232A9BFB000382AD /* 1800Contacts MapUITests */ = {
			isa = PBXGroup;
			children = (
				A713D028232A9BFB000382AD /* _800Contacts_MapUITests.swift */,
				A713D02A232A9BFB000382AD /* Info.plist */,
			);
			path = "1800Contacts MapUITests";
			sourceTree = "<group>";
		};
		A713D042232ABA59000382AD /* Fonts */ = {
			isa = PBXGroup;
			children = (
				A713D03E232ABA4D000382AD /* GT-Walsheim-Medium-Oblique.otf */,
				A713D03F232ABA4D000382AD /* GT-Walsheim-Medium.otf */,
				A713D041232ABA4E000382AD /* GT-Walsheim-Regular.otf */,
				A713D040232ABA4D000382AD /* GT-Walsheim-Bold.otf */,
			);
			path = Fonts;
			sourceTree = "<group>";
		};
/* End PBXGroup section */

/* Begin PBXNativeTarget section */
		A713D004232A9BFA000382AD /* 1800Contacts Map */ = {
			isa = PBXNativeTarget;
			buildConfigurationList = A713D02D232A9BFB000382AD /* Build configuration list for PBXNativeTarget "1800Contacts Map" */;
			buildPhases = (
				A713D001232A9BFA000382AD /* Sources */,
				A713D002232A9BFA000382AD /* Frameworks */,
				A713D003232A9BFA000382AD /* Resources */,
			);
			buildRules = (
			);
			dependencies = (
			);
			name = "1800Contacts Map";
			productName = "1800Contacts Map";
			productReference = A713D005232A9BFA000382AD /* 1800Contacts Map.app */;
			productType = "com.apple.product-type.application";
		};
		A713D018232A9BFB000382AD /* 1800Contacts MapTests */ = {
			isa = PBXNativeTarget;
			buildConfigurationList = A713D030232A9BFB000382AD /* Build configuration list for PBXNativeTarget "1800Contacts MapTests" */;
			buildPhases = (
				A713D015232A9BFB000382AD /* Sources */,
				A713D016232A9BFB000382AD /* Frameworks */,
				A713D017232A9BFB000382AD /* Resources */,
			);
			buildRules = (
			);
			dependencies = (
				A713D01B232A9BFB000382AD /* PBXTargetDependency */,
			);
			name = "1800Contacts MapTests";
			productName = "1800Contacts MapTests";
			productReference = A713D019232A9BFB000382AD /* 1800Contacts MapTests.xctest */;
			productType = "com.apple.product-type.bundle.unit-test";
		};
		A713D023232A9BFB000382AD /* 1800Contacts MapUITests */ = {
			isa = PBXNativeTarget;
			buildConfigurationList = A713D033232A9BFB000382AD /* Build configuration list for PBXNativeTarget "1800Contacts MapUITests" */;
			buildPhases = (
				A713D020232A9BFB000382AD /* Sources */,
				A713D021232A9BFB000382AD /* Frameworks */,
				A713D022232A9BFB000382AD /* Resources */,
			);
			buildRules = (
			);
			dependencies = (
				A713D026232A9BFB000382AD /* PBXTargetDependency */,
			);
			name = "1800Contacts MapUITests";
			productName = "1800Contacts MapUITests";
			productReference = A713D024232A9BFB000382AD /* 1800Contacts MapUITests.xctest */;
			productType = "com.apple.product-type.bundle.ui-testing";
		};
/* End PBXNativeTarget section */

/* Begin PBXProject section */
		A713CFFD232A9BFA000382AD /* Project object */ = {
			isa = PBXProject;
			attributes = {
				LastSwiftUpdateCheck = 1030;
				LastUpgradeCheck = 1030;
				ORGANIZATIONNAME = "1-800 Contacts";
				TargetAttributes = {
					A713D004232A9BFA000382AD = {
						CreatedOnToolsVersion = 10.3;
					};
					A713D018232A9BFB000382AD = {
						CreatedOnToolsVersion = 10.3;
						TestTargetID = A713D004232A9BFA000382AD;
					};
					A713D023232A9BFB000382AD = {
						CreatedOnToolsVersion = 10.3;
						TestTargetID = A713D004232A9BFA000382AD;
					};
				};
			};
			buildConfigurationList = A713D000232A9BFA000382AD /* Build configuration list for PBXProject "1800Contacts Map" */;
			compatibilityVersion = "Xcode 9.3";
			developmentRegion = en;
			hasScannedForEncodings = 0;
			knownRegions = (
				en,
				Base,
			);
			mainGroup = A713CFFC232A9BFA000382AD;
			productRefGroup = A713D006232A9BFA000382AD /* Products */;
			projectDirPath = "";
			projectRoot = "";
			targets = (
				A713D004232A9BFA000382AD /* 1800Contacts Map */,
				A713D018232A9BFB000382AD /* 1800Contacts MapTests */,
				A713D023232A9BFB000382AD /* 1800Contacts MapUITests */,
			);
		};
/* End PBXProject section */

/* Begin PBXResourcesBuildPhase section */
		A713D003232A9BFA000382AD /* Resources */ = {
			isa = PBXResourcesBuildPhase;
			buildActionMask = 2147483647;
			files = (
				A713D013232A9BFB000382AD /* LaunchScreen.storyboard in Resources */,
				A713D010232A9BFB000382AD /* Assets.xcassets in Resources */,
				49A933C2232B2CC700DE46A4 /* GT-Walsheim-Bold.otf in Resources */,
				49A933C3232C038000DE46A4 /* FloorMaps.storyboard in Resources */,
				49A933C1232B2CC400DE46A4 /* GT-Walsheim-Regular.otf in Resources */,
				49A933BF232B2CBC00DE46A4 /* GT-Walsheim-Medium-Oblique.otf in Resources */,
				49A933C0232B2CC100DE46A4 /* GT-Walsheim-Medium.otf in Resources */,
			);
			runOnlyForDeploymentPostprocessing = 0;
		};
		A713D017232A9BFB000382AD /* Resources */ = {
			isa = PBXResourcesBuildPhase;
			buildActionMask = 2147483647;
			files = (
			);
			runOnlyForDeploymentPostprocessing = 0;
		};
		A713D022232A9BFB000382AD /* Resources */ = {
			isa = PBXResourcesBuildPhase;
			buildActionMask = 2147483647;
			files = (
			);
			runOnlyForDeploymentPostprocessing = 0;
		};
/* End PBXResourcesBuildPhase section */

/* Begin PBXSourcesBuildPhase section */
		A713D001232A9BFA000382AD /* Sources */ = {
			isa = PBXSourcesBuildPhase;
			buildActionMask = 2147483647;
			files = (
				A713D00B232A9BFA000382AD /* FloorMapsViewController.swift in Sources */,
				A713D03B232AAE26000382AD /* FloorMapsCell.swift in Sources */,
				A713D03D232AAF9B000382AD /* SideBarViewController.swift in Sources */,
				A713D009232A9BFA000382AD /* AppDelegate.swift in Sources */,
				A713D044232ABCE2000382AD /* ContainerViewController.swift in Sources */,
				A713D039232AA751000382AD /* FloorMaps.swift in Sources */,
			);
			runOnlyForDeploymentPostprocessing = 0;
		};
		A713D015232A9BFB000382AD /* Sources */ = {
			isa = PBXSourcesBuildPhase;
			buildActionMask = 2147483647;
			files = (
				A713D01E232A9BFB000382AD /* _800Contacts_MapTests.swift in Sources */,
			);
			runOnlyForDeploymentPostprocessing = 0;
		};
		A713D020232A9BFB000382AD /* Sources */ = {
			isa = PBXSourcesBuildPhase;
			buildActionMask = 2147483647;
			files = (
				A713D029232A9BFB000382AD /* _800Contacts_MapUITests.swift in Sources */,
			);
			runOnlyForDeploymentPostprocessing = 0;
		};
/* End PBXSourcesBuildPhase section */

/* Begin PBXTargetDependency section */
		A713D01B232A9BFB000382AD /* PBXTargetDependency */ = {
			isa = PBXTargetDependency;
			target = A713D004232A9BFA000382AD /* 1800Contacts Map */;
			targetProxy = A713D01A232A9BFB000382AD /* PBXContainerItemProxy */;
		};
		A713D026232A9BFB000382AD /* PBXTargetDependency */ = {
			isa = PBXTargetDependency;
			target = A713D004232A9BFA000382AD /* 1800Contacts Map */;
			targetProxy = A713D025232A9BFB000382AD /* PBXContainerItemProxy */;
		};
/* End PBXTargetDependency section */

/* Begin PBXVariantGroup section */
		49A933C5232C038000DE46A4 /* FloorMaps.storyboard */ = {
			isa = PBXVariantGroup;
			children = (
				49A933C4232C038000DE46A4 /* Base */,
			);
			name = FloorMaps.storyboard;
			sourceTree = "<group>";
		};
		A713D011232A9BFB000382AD /* LaunchScreen.storyboard */ = {
			isa = PBXVariantGroup;
			children = (
				A713D012232A9BFB000382AD /* Base */,
			);
			name = LaunchScreen.storyboard;
			sourceTree = "<group>";
		};
/* End PBXVariantGroup section */

/* Begin XCBuildConfiguration section */
		A713D02B232A9BFB000382AD /* Debug */ = {
			isa = XCBuildConfiguration;
			buildSettings = {
				ALWAYS_SEARCH_USER_PATHS = NO;
				CLANG_ANALYZER_NONNULL = YES;
				CLANG_ANALYZER_NUMBER_OBJECT_CONVERSION = YES_AGGRESSIVE;
				CLANG_CXX_LANGUAGE_STANDARD = "gnu++14";
				CLANG_CXX_LIBRARY = "libc++";
				CLANG_ENABLE_MODULES = YES;
				CLANG_ENABLE_OBJC_ARC = YES;
				CLANG_ENABLE_OBJC_WEAK = YES;
				CLANG_WARN_BLOCK_CAPTURE_AUTORELEASING = YES;
				CLANG_WARN_BOOL_CONVERSION = YES;
				CLANG_WARN_COMMA = YES;
				CLANG_WARN_CONSTANT_CONVERSION = YES;
				CLANG_WARN_DEPRECATED_OBJC_IMPLEMENTATIONS = YES;
				CLANG_WARN_DIRECT_OBJC_ISA_USAGE = YES_ERROR;
				CLANG_WARN_DOCUMENTATION_COMMENTS = YES;
				CLANG_WARN_EMPTY_BODY = YES;
				CLANG_WARN_ENUM_CONVERSION = YES;
				CLANG_WARN_INFINITE_RECURSION = YES;
				CLANG_WARN_INT_CONVERSION = YES;
				CLANG_WARN_NON_LITERAL_NULL_CONVERSION = YES;
				CLANG_WARN_OBJC_IMPLICIT_RETAIN_SELF = YES;
				CLANG_WARN_OBJC_LITERAL_CONVERSION = YES;
				CLANG_WARN_OBJC_ROOT_CLASS = YES_ERROR;
				CLANG_WARN_RANGE_LOOP_ANALYSIS = YES;
				CLANG_WARN_STRICT_PROTOTYPES = YES;
				CLANG_WARN_SUSPICIOUS_MOVE = YES;
				CLANG_WARN_UNGUARDED_AVAILABILITY = YES_AGGRESSIVE;
				CLANG_WARN_UNREACHABLE_CODE = YES;
				CLANG_WARN__DUPLICATE_METHOD_MATCH = YES;
				CODE_SIGN_IDENTITY = "iPhone Developer";
				COPY_PHASE_STRIP = NO;
				DEBUG_INFORMATION_FORMAT = dwarf;
				ENABLE_STRICT_OBJC_MSGSEND = YES;
				ENABLE_TESTABILITY = YES;
				GCC_C_LANGUAGE_STANDARD = gnu11;
				GCC_DYNAMIC_NO_PIC = NO;
				GCC_NO_COMMON_BLOCKS = YES;
				GCC_OPTIMIZATION_LEVEL = 0;
				GCC_PREPROCESSOR_DEFINITIONS = (
					"DEBUG=1",
					"$(inherited)",
				);
				GCC_WARN_64_TO_32_BIT_CONVERSION = YES;
				GCC_WARN_ABOUT_RETURN_TYPE = YES_ERROR;
				GCC_WARN_UNDECLARED_SELECTOR = YES;
				GCC_WARN_UNINITIALIZED_AUTOS = YES_AGGRESSIVE;
				GCC_WARN_UNUSED_FUNCTION = YES;
				GCC_WARN_UNUSED_VARIABLE = YES;
				IPHONEOS_DEPLOYMENT_TARGET = 12.4;
				MTL_ENABLE_DEBUG_INFO = INCLUDE_SOURCE;
				MTL_FAST_MATH = YES;
				ONLY_ACTIVE_ARCH = YES;
				SDKROOT = iphoneos;
				SWIFT_ACTIVE_COMPILATION_CONDITIONS = DEBUG;
				SWIFT_OPTIMIZATION_LEVEL = "-Onone";
			};
			name = Debug;
		};
		A713D02C232A9BFB000382AD /* Release */ = {
			isa = XCBuildConfiguration;
			buildSettings = {
				ALWAYS_SEARCH_USER_PATHS = NO;
				CLANG_ANALYZER_NONNULL = YES;
				CLANG_ANALYZER_NUMBER_OBJECT_CONVERSION = YES_AGGRESSIVE;
				CLANG_CXX_LANGUAGE_STANDARD = "gnu++14";
				CLANG_CXX_LIBRARY = "libc++";
				CLANG_ENABLE_MODULES = YES;
				CLANG_ENABLE_OBJC_ARC = YES;
				CLANG_ENABLE_OBJC_WEAK = YES;
				CLANG_WARN_BLOCK_CAPTURE_AUTORELEASING = YES;
				CLANG_WARN_BOOL_CONVERSION = YES;
				CLANG_WARN_COMMA = YES;
				CLANG_WARN_CONSTANT_CONVERSION = YES;
				CLANG_WARN_DEPRECATED_OBJC_IMPLEMENTATIONS = YES;
				CLANG_WARN_DIRECT_OBJC_ISA_USAGE = YES_ERROR;
				CLANG_WARN_DOCUMENTATION_COMMENTS = YES;
				CLANG_WARN_EMPTY_BODY = YES;
				CLANG_WARN_ENUM_CONVERSION = YES;
				CLANG_WARN_INFINITE_RECURSION = YES;
				CLANG_WARN_INT_CONVERSION = YES;
				CLANG_WARN_NON_LITERAL_NULL_CONVERSION = YES;
				CLANG_WARN_OBJC_IMPLICIT_RETAIN_SELF = YES;
				CLANG_WARN_OBJC_LITERAL_CONVERSION = YES;
				CLANG_WARN_OBJC_ROOT_CLASS = YES_ERROR;
				CLANG_WARN_RANGE_LOOP_ANALYSIS = YES;
				CLANG_WARN_STRICT_PROTOTYPES = YES;
				CLANG_WARN_SUSPICIOUS_MOVE = YES;
				CLANG_WARN_UNGUARDED_AVAILABILITY = YES_AGGRESSIVE;
				CLANG_WARN_UNREACHABLE_CODE = YES;
				CLANG_WARN__DUPLICATE_METHOD_MATCH = YES;
				CODE_SIGN_IDENTITY = "iPhone Developer";
				COPY_PHASE_STRIP = NO;
				DEBUG_INFORMATION_FORMAT = "dwarf-with-dsym";
				ENABLE_NS_ASSERTIONS = NO;
				ENABLE_STRICT_OBJC_MSGSEND = YES;
				GCC_C_LANGUAGE_STANDARD = gnu11;
				GCC_NO_COMMON_BLOCKS = YES;
				GCC_WARN_64_TO_32_BIT_CONVERSION = YES;
				GCC_WARN_ABOUT_RETURN_TYPE = YES_ERROR;
				GCC_WARN_UNDECLARED_SELECTOR = YES;
				GCC_WARN_UNINITIALIZED_AUTOS = YES_AGGRESSIVE;
				GCC_WARN_UNUSED_FUNCTION = YES;
				GCC_WARN_UNUSED_VARIABLE = YES;
				IPHONEOS_DEPLOYMENT_TARGET = 12.4;
				MTL_ENABLE_DEBUG_INFO = NO;
				MTL_FAST_MATH = YES;
				SDKROOT = iphoneos;
				SWIFT_COMPILATION_MODE = wholemodule;
				SWIFT_OPTIMIZATION_LEVEL = "-O";
				VALIDATE_PRODUCT = YES;
			};
			name = Release;
		};
		A713D02E232A9BFB000382AD /* Debug */ = {
			isa = XCBuildConfiguration;
			buildSettings = {
				ASSETCATALOG_COMPILER_APPICON_NAME = AppIcon;
				CODE_SIGN_STYLE = Automatic;
				DEVELOPMENT_TEAM = DWJZ6CZ6L6;
				INFOPLIST_FILE = "1800Contacts Map/Info.plist";
				LD_RUNPATH_SEARCH_PATHS = (
					"$(inherited)",
					"@executable_path/Frameworks",
				);
				PRODUCT_BUNDLE_IDENTIFIER = "-800contacts.-800Contacts-Map";
				PRODUCT_NAME = "$(TARGET_NAME)";
				SWIFT_VERSION = 5.0;
				TARGETED_DEVICE_FAMILY = "1,2";
			};
			name = Debug;
		};
		A713D02F232A9BFB000382AD /* Release */ = {
			isa = XCBuildConfiguration;
			buildSettings = {
				ASSETCATALOG_COMPILER_APPICON_NAME = AppIcon;
				CODE_SIGN_STYLE = Automatic;
				DEVELOPMENT_TEAM = DWJZ6CZ6L6;
				INFOPLIST_FILE = "1800Contacts Map/Info.plist";
				LD_RUNPATH_SEARCH_PATHS = (
					"$(inherited)",
					"@executable_path/Frameworks",
				);
				PRODUCT_BUNDLE_IDENTIFIER = "-800contacts.-800Contacts-Map";
				PRODUCT_NAME = "$(TARGET_NAME)";
				SWIFT_VERSION = 5.0;
				TARGETED_DEVICE_FAMILY = "1,2";
			};
			name = Release;
		};
		A713D031232A9BFB000382AD /* Debug */ = {
			isa = XCBuildConfiguration;
			buildSettings = {
				ALWAYS_EMBED_SWIFT_STANDARD_LIBRARIES = YES;
				BUNDLE_LOADER = "$(TEST_HOST)";
				CODE_SIGN_STYLE = Automatic;
				DEVELOPMENT_TEAM = DWJZ6CZ6L6;
				INFOPLIST_FILE = "1800Contacts MapTests/Info.plist";
				LD_RUNPATH_SEARCH_PATHS = (
					"$(inherited)",
					"@executable_path/Frameworks",
					"@loader_path/Frameworks",
				);
				PRODUCT_BUNDLE_IDENTIFIER = "-800contacts.-800Contacts-MapTests";
				PRODUCT_NAME = "$(TARGET_NAME)";
				SWIFT_VERSION = 5.0;
				TARGETED_DEVICE_FAMILY = "1,2";
				TEST_HOST = "$(BUILT_PRODUCTS_DIR)/1800Contacts Map.app/1800Contacts Map";
			};
			name = Debug;
		};
		A713D032232A9BFB000382AD /* Release */ = {
			isa = XCBuildConfiguration;
			buildSettings = {
				ALWAYS_EMBED_SWIFT_STANDARD_LIBRARIES = YES;
				BUNDLE_LOADER = "$(TEST_HOST)";
				CODE_SIGN_STYLE = Automatic;
				DEVELOPMENT_TEAM = DWJZ6CZ6L6;
				INFOPLIST_FILE = "1800Contacts MapTests/Info.plist";
				LD_RUNPATH_SEARCH_PATHS = (
					"$(inherited)",
					"@executable_path/Frameworks",
					"@loader_path/Frameworks",
				);
				PRODUCT_BUNDLE_IDENTIFIER = "-800contacts.-800Contacts-MapTests";
				PRODUCT_NAME = "$(TARGET_NAME)";
				SWIFT_VERSION = 5.0;
				TARGETED_DEVICE_FAMILY = "1,2";
				TEST_HOST = "$(BUILT_PRODUCTS_DIR)/1800Contacts Map.app/1800Contacts Map";
			};
			name = Release;
		};
		A713D034232A9BFB000382AD /* Debug */ = {
			isa = XCBuildConfiguration;
			buildSettings = {
				ALWAYS_EMBED_SWIFT_STANDARD_LIBRARIES = YES;
				CODE_SIGN_STYLE = Automatic;
				DEVELOPMENT_TEAM = DWJZ6CZ6L6;
				INFOPLIST_FILE = "1800Contacts MapUITests/Info.plist";
				LD_RUNPATH_SEARCH_PATHS = (
					"$(inherited)",
					"@executable_path/Frameworks",
					"@loader_path/Frameworks",
				);
				PRODUCT_BUNDLE_IDENTIFIER = "-800contacts.-800Contacts-MapUITests";
				PRODUCT_NAME = "$(TARGET_NAME)";
				SWIFT_VERSION = 5.0;
				TARGETED_DEVICE_FAMILY = "1,2";
				TEST_TARGET_NAME = "1800Contacts Map";
			};
			name = Debug;
		};
		A713D035232A9BFB000382AD /* Release */ = {
			isa = XCBuildConfiguration;
			buildSettings = {
				ALWAYS_EMBED_SWIFT_STANDARD_LIBRARIES = YES;
				CODE_SIGN_STYLE = Automatic;
				DEVELOPMENT_TEAM = DWJZ6CZ6L6;
				INFOPLIST_FILE = "1800Contacts MapUITests/Info.plist";
				LD_RUNPATH_SEARCH_PATHS = (
					"$(inherited)",
					"@executable_path/Frameworks",
					"@loader_path/Frameworks",
				);
				PRODUCT_BUNDLE_IDENTIFIER = "-800contacts.-800Contacts-MapUITests";
				PRODUCT_NAME = "$(TARGET_NAME)";
				SWIFT_VERSION = 5.0;
				TARGETED_DEVICE_FAMILY = "1,2";
				TEST_TARGET_NAME = "1800Contacts Map";
			};
			name = Release;
		};
/* End XCBuildConfiguration section */

/* Begin XCConfigurationList section */
		A713D000232A9BFA000382AD /* Build configuration list for PBXProject "1800Contacts Map" */ = {
			isa = XCConfigurationList;
			buildConfigurations = (
				A713D02B232A9BFB000382AD /* Debug */,
				A713D02C232A9BFB000382AD /* Release */,
			);
			defaultConfigurationIsVisible = 0;
			defaultConfigurationName = Release;
		};
		A713D02D232A9BFB000382AD /* Build configuration list for PBXNativeTarget "1800Contacts Map" */ = {
			isa = XCConfigurationList;
			buildConfigurations = (
				A713D02E232A9BFB000382AD /* Debug */,
				A713D02F232A9BFB000382AD /* Release */,
			);
			defaultConfigurationIsVisible = 0;
			defaultConfigurationName = Release;
		};
		A713D030232A9BFB000382AD /* Build configuration list for PBXNativeTarget "1800Contacts MapTests" */ = {
			isa = XCConfigurationList;
			buildConfigurations = (
				A713D031232A9BFB000382AD /* Debug */,
				A713D032232A9BFB000382AD /* Release */,
			);
			defaultConfigurationIsVisible = 0;
			defaultConfigurationName = Release;
		};
		A713D033232A9BFB000382AD /* Build configuration list for PBXNativeTarget "1800Contacts MapUITests" */ = {
			isa = XCConfigurationList;
			buildConfigurations = (
				A713D034232A9BFB000382AD /* Debug */,
				A713D035232A9BFB000382AD /* Release */,
			);
			defaultConfigurationIsVisible = 0;
			defaultConfigurationName = Release;
		};
/* End XCConfigurationList section */
	};
	rootObject = A713CFFD232A9BFA000382AD /* Project object */;
}
